
Microsoft Visual Studio Solution File, Format Version 12.00
# Visual Studio Version 16
VisualStudioVersion = 16.0.31624.102
MinimumVisualStudioVersion = 10.0.40219.1
Project("{FAE04EC0-301F-11D3-BF4B-00C04F79EFBC}") = "IntegratedTesting", "IntegratedTesting.csproj", "{D1E2EDB1-702D-4347-A26D-8A374D62778B}"
EndProject
Project("{FAE04EC0-301F-11D3-BF4B-00C04F79EFBC}") = "Testing", "Testing\Testing.csproj", "{ADD436BC-A561-482D-9417-DCEC5803F8D7}"
EndProject
Project("{FAE04EC0-301F-11D3-BF4B-00C04F79EFBC}") = "TestLog", "TestLog\TestLog.csproj", "{EC0AF856-F89A-4266-BA04-5ED50B2B5286}"
EndProject
Global
	GlobalSection(SolutionConfigurationPlatforms) = preSolution
		Debug|Any CPU = Debug|Any CPU
		Release|Any CPU = Release|Any CPU
	EndGlobalSection
	GlobalSection(ProjectConfigurationPlatforms) = postSolution
		{D1E2EDB1-702D-4347-A26D-8A374D62778B}.Debug|Any CPU.ActiveCfg = Debug|Any CPU
		{D1E2EDB1-702D-4347-A26D-8A374D62778B}.Debug|Any CPU.Build.0 = Debug|Any CPU
		{D1E2EDB1-702D-4347-A26D-8A374D62778B}.Release|Any CPU.ActiveCfg = Release|Any CPU
		{D1E2EDB1-702D-4347-A26D-8A374D62778B}.Release|Any CPU.Build.0 = Release|Any CPU
		{ADD436BC-A561-482D-9417-DCEC5803F8D7}.Debug|Any CPU.ActiveCfg = Debug|Any CPU
		{ADD436BC-A561-482D-9417-DCEC5803F8D7}.Debug|Any CPU.Build.0 = Debug|Any CPU
		{ADD436BC-A561-482D-9417-DCEC5803F8D7}.Release|Any CPU.ActiveCfg = Release|Any CPU
		{ADD436BC-A561-482D-9417-DCEC5803F8D7}.Release|Any CPU.Build.0 = Release|Any CPU
		{EC0AF856-F89A-4266-BA04-5ED50B2B5286}.Debug|Any CPU.ActiveCfg = Debug|Any CPU
		{EC0AF856-F89A-4266-BA04-5ED50B2B5286}.Debug|Any CPU.Build.0 = Debug|Any CPU
		{EC0AF856-F89A-4266-BA04-5ED50B2B5286}.Release|Any CPU.ActiveCfg = Release|Any CPU
		{EC0AF856-F89A-4266-BA04-5ED50B2B5286}.Release|Any CPU.Build.0 = Release|Any CPU
	EndGlobalSection
	GlobalSection(SolutionProperties) = preSolution
		HideSolutionNode = FALSE
	EndGlobalSection
	GlobalSection(ExtensibilityGlobals) = postSolution
		SolutionGuid = {7DCE444E-FED8-400F-88CB-AB386831DDFC}
	EndGlobalSection
EndGlobal
